{
    "_readme": [
        "This file locks the dependencies of your project to a known state",
        "Read more about it at https://getcomposer.org/doc/01-basic-usage.md#composer-lock-the-lock-file",
        "This file is @generated automatically"
    ],
    "hash": "b55acac19022168267a97363ae0df76e",
    "packages": [
        {
            "name": "artovenry/haml",
            "version": "1.0",
            "source": {
                "type": "git",
                "url": "https://github.com/artovenry/haml.git",
                "reference": "1.0"
            },
            "type": "library"
        }
    ],
    "packages-dev": [],
    "aliases": [],
    "minimum-stability": "stable",
    "stability-flags": [],
    "prefer-stable": false,
    "prefer-lowest": false,
    "platform": [],
    "platform-dev": []
}
